
Microsoft Visual Studio Solution File, Format Version 12.00
Project("{FAE04EC0-301F-11D3-BF4B-00C04F79EFBC}") = "Utils", "Utils\Utils.csproj", "{B0D7E908-C824-425B-B88B-9EC3707B52B4}"
EndProject
Project("{2150E333-8FDC-42A3-9474-1A3956D46DE8}") = "Lesson 1", "Lesson 1", "{B57A1E7D-3811-4D5D-B99F-B45862C58F5F}"
EndProject
Project("{FAE04EC0-301F-11D3-BF4B-00C04F79EFBC}") = "Task1Questionnaire", "Task1Questionnaire\Task1Questionnaire.csproj", "{CBA911A1-BED5-41CA-A435-35B9B6E87C54}"
EndProject
Project("{FAE04EC0-301F-11D3-BF4B-00C04F79EFBC}") = "Task2BodyMassIndex", "Task2BodyMassIndex\Task2BodyMassIndex.csproj", "{CBAE79E7-647A-4D33-9875-87E3C8594A38}"
EndProject
Global
	GlobalSection(SolutionConfigurationPlatforms) = preSolution
		Debug|Any CPU = Debug|Any CPU
		Release|Any CPU = Release|Any CPU
	EndGlobalSection
	GlobalSection(ProjectConfigurationPlatforms) = postSolution
		{B0D7E908-C824-425B-B88B-9EC3707B52B4}.Debug|Any CPU.ActiveCfg = Debug|Any CPU
		{B0D7E908-C824-425B-B88B-9EC3707B52B4}.Debug|Any CPU.Build.0 = Debug|Any CPU
		{B0D7E908-C824-425B-B88B-9EC3707B52B4}.Release|Any CPU.ActiveCfg = Release|Any CPU
		{B0D7E908-C824-425B-B88B-9EC3707B52B4}.Release|Any CPU.Build.0 = Release|Any CPU
		{CBA911A1-BED5-41CA-A435-35B9B6E87C54}.Debug|Any CPU.ActiveCfg = Debug|Any CPU
		{CBA911A1-BED5-41CA-A435-35B9B6E87C54}.Debug|Any CPU.Build.0 = Debug|Any CPU
		{CBA911A1-BED5-41CA-A435-35B9B6E87C54}.Release|Any CPU.ActiveCfg = Release|Any CPU
		{CBA911A1-BED5-41CA-A435-35B9B6E87C54}.Release|Any CPU.Build.0 = Release|Any CPU
		{CBAE79E7-647A-4D33-9875-87E3C8594A38}.Debug|Any CPU.ActiveCfg = Debug|Any CPU
		{CBAE79E7-647A-4D33-9875-87E3C8594A38}.Debug|Any CPU.Build.0 = Debug|Any CPU
		{CBAE79E7-647A-4D33-9875-87E3C8594A38}.Release|Any CPU.ActiveCfg = Release|Any CPU
		{CBAE79E7-647A-4D33-9875-87E3C8594A38}.Release|Any CPU.Build.0 = Release|Any CPU
	EndGlobalSection
	GlobalSection(NestedProjects) = preSolution
		{CBA911A1-BED5-41CA-A435-35B9B6E87C54} = {B57A1E7D-3811-4D5D-B99F-B45862C58F5F}
		{CBAE79E7-647A-4D33-9875-87E3C8594A38} = {B57A1E7D-3811-4D5D-B99F-B45862C58F5F}
	EndGlobalSection
EndGlobal
